
Microsoft Visual Studio Solution File, Format Version 12.00
# Visual Studio Version 17
VisualStudioVersion = 17.0.31903.59
MinimumVisualStudioVersion = 10.0.40219.1
Project("{FAE04EC0-301F-11D3-BF4B-00C04F79EFBC}") = "CntlLevelConnection.Core", "CntlLevelConnection.Core\CntlLevelConnection.Core.csproj", "{04F2E420-B3F0-4FC6-9818-A36C93B2860B}"
EndProject
Project("{FAE04EC0-301F-11D3-BF4B-00C04F79EFBC}") = "CntlLevelConnection", "CntlLevelConnection\CntlLevelConnection.csproj", "{6BD2B87B-873C-4933-97FE-188C3E2EA91F}"
EndProject
Project("{FAE04EC0-301F-11D3-BF4B-00C04F79EFBC}") = "CntlLevelConnection.Host", "CntlLevelConnection.Host\CntlLevelConnection.Host.csproj", "{5E700FF3-E970-40B0-9EB1-A4CE4CC1EEC5}"
EndProject
Global
	GlobalSection(SolutionConfigurationPlatforms) = preSolution
		Debug|Any CPU = Debug|Any CPU
		Release|Any CPU = Release|Any CPU
	EndGlobalSection
	GlobalSection(SolutionProperties) = preSolution
		HideSolutionNode = FALSE
	EndGlobalSection
	GlobalSection(ProjectConfigurationPlatforms) = postSolution
		{04F2E420-B3F0-4FC6-9818-A36C93B2860B}.Debug|Any CPU.ActiveCfg = Debug|Any CPU
		{04F2E420-B3F0-4FC6-9818-A36C93B2860B}.Debug|Any CPU.Build.0 = Debug|Any CPU
		{04F2E420-B3F0-4FC6-9818-A36C93B2860B}.Release|Any CPU.ActiveCfg = Release|Any CPU
		{04F2E420-B3F0-4FC6-9818-A36C93B2860B}.Release|Any CPU.Build.0 = Release|Any CPU
		{6BD2B87B-873C-4933-97FE-188C3E2EA91F}.Debug|Any CPU.ActiveCfg = Debug|Any CPU
		{6BD2B87B-873C-4933-97FE-188C3E2EA91F}.Debug|Any CPU.Build.0 = Debug|Any CPU
		{6BD2B87B-873C-4933-97FE-188C3E2EA91F}.Release|Any CPU.ActiveCfg = Release|Any CPU
		{6BD2B87B-873C-4933-97FE-188C3E2EA91F}.Release|Any CPU.Build.0 = Release|Any CPU
		{5E700FF3-E970-40B0-9EB1-A4CE4CC1EEC5}.Debug|Any CPU.ActiveCfg = Debug|Any CPU
		{5E700FF3-E970-40B0-9EB1-A4CE4CC1EEC5}.Debug|Any CPU.Build.0 = Debug|Any CPU
		{5E700FF3-E970-40B0-9EB1-A4CE4CC1EEC5}.Release|Any CPU.ActiveCfg = Release|Any CPU
		{5E700FF3-E970-40B0-9EB1-A4CE4CC1EEC5}.Release|Any CPU.Build.0 = Release|Any CPU
	EndGlobalSection
EndGlobal
